
Microsoft Visual Studio Solution File, Format Version 12.00
# Visual Studio Version 16
VisualStudioVersion = 16.0.29009.5
MinimumVisualStudioVersion = 10.0.40219.1
Project("{FAE04EC0-301F-11D3-BF4B-00C04F79EFBC}") = "MyMatrixTypes", "MyMatrixTypes.csproj", "{5F962940-E5F1-4D4B-A935-46BA45755AA4}"
EndProject
Global
	GlobalSection(SolutionConfigurationPlatforms) = preSolution
		Debug|Any CPU = Debug|Any CPU
		Release|Any CPU = Release|Any CPU
	EndGlobalSection
	GlobalSection(ProjectConfigurationPlatforms) = postSolution
		{5F962940-E5F1-4D4B-A935-46BA45755AA4}.Debug|Any CPU.ActiveCfg = Debug|Any CPU
		{5F962940-E5F1-4D4B-A935-46BA45755AA4}.Debug|Any CPU.Build.0 = Debug|Any CPU
		{5F962940-E5F1-4D4B-A935-46BA45755AA4}.Release|Any CPU.ActiveCfg = Release|Any CPU
		{5F962940-E5F1-4D4B-A935-46BA45755AA4}.Release|Any CPU.Build.0 = Release|Any CPU
	EndGlobalSection
	GlobalSection(SolutionProperties) = preSolution
		HideSolutionNode = FALSE
	EndGlobalSection
	GlobalSection(ExtensibilityGlobals) = postSolution
		SolutionGuid = {660D775E-DAD0-47F5-AFDE-069703BE7CEF}
	EndGlobalSection
EndGlobal
